
Microsoft Visual Studio Solution File, Format Version 12.00
# Visual Studio Version 16
VisualStudioVersion = 16.0.30717.126
MinimumVisualStudioVersion = 10.0.40219.1
Project("{FAE04EC0-301F-11D3-BF4B-00C04F79EFBC}") = "BridgeControls", "BridgeControls\BridgeControls.csproj", "{094AD771-A5DC-40DB-911E-69B0027A141F}"
EndProject
Project("{FAE04EC0-301F-11D3-BF4B-00C04F79EFBC}") = "BridgeControlsTest", "BridgeControlsTest\BridgeControlsTest.csproj", "{2DCC60B2-69EC-4413-8978-A2E4BFAF3A42}"
EndProject
Global
	GlobalSection(SolutionConfigurationPlatforms) = preSolution
		Debug|Any CPU = Debug|Any CPU
		Release|Any CPU = Release|Any CPU
	EndGlobalSection
	GlobalSection(ProjectConfigurationPlatforms) = postSolution
		{094AD771-A5DC-40DB-911E-69B0027A141F}.Debug|Any CPU.ActiveCfg = Debug|Any CPU
		{094AD771-A5DC-40DB-911E-69B0027A141F}.Debug|Any CPU.Build.0 = Debug|Any CPU
		{094AD771-A5DC-40DB-911E-69B0027A141F}.Release|Any CPU.ActiveCfg = Release|Any CPU
		{094AD771-A5DC-40DB-911E-69B0027A141F}.Release|Any CPU.Build.0 = Release|Any CPU
		{2DCC60B2-69EC-4413-8978-A2E4BFAF3A42}.Debug|Any CPU.ActiveCfg = Debug|Any CPU
		{2DCC60B2-69EC-4413-8978-A2E4BFAF3A42}.Debug|Any CPU.Build.0 = Debug|Any CPU
		{2DCC60B2-69EC-4413-8978-A2E4BFAF3A42}.Release|Any CPU.ActiveCfg = Release|Any CPU
		{2DCC60B2-69EC-4413-8978-A2E4BFAF3A42}.Release|Any CPU.Build.0 = Release|Any CPU
	EndGlobalSection
	GlobalSection(SolutionProperties) = preSolution
		HideSolutionNode = FALSE
	EndGlobalSection
	GlobalSection(ExtensibilityGlobals) = postSolution
		SolutionGuid = {942F134D-07DA-488B-ADE1-952C3AC93B28}
	EndGlobalSection
EndGlobal
